{
  "nodes": {
    "nixpkgs": {
      "locked": {
        "lastModified": 1742751704,
        "narHash": "sha256-rBfc+H1dDBUQ2mgVITMGBPI1PGuCznf9rcWX/XIULyE=",
        "owner": "nixos",
        "repo": "nixpkgs",
        "rev": "f0946fa5f1fb876a9dc2e1850d9d3a4e3f914092",
        "type": "github"
      },
      "original": {
        "owner": "nixos",
        "ref": "nixos-24.11",
        "repo": "nixpkgs",
        "type": "github"
      }
    },
    "nixpkgs_old": {
      "locked": {
        "lastModified": 1608815389,
        "narHash": "sha256-nAiG+KujbCx0jlqbteTapdCv+zkzNUhohX1zQpubJ7c=",
        "owner": "nixos",
        "repo": "nixpkgs",
        "rev": "3b05df1d13c1b315cecc610a2f3180f6669442f0",
        "type": "github"
      },
      "original": {
        "owner": "nixos",
        "repo": "nixpkgs",
        "rev": "3b05df1d13c1b315cecc610a2f3180f6669442f0",
        "type": "github"
      }
    },
    "root": {
      "inputs": {
        "nixpkgs": "nixpkgs",
        "nixpkgs_old": "nixpkgs_old"
      }
    }
  },
  "root": "root",
  "version": 7
}
